
Microsoft Visual Studio Solution File, Format Version 11.00
# Visual Studio 2010
Project("{FAE04EC0-301F-11D3-BF4B-00C04F79EFBC}") = "WpfApplication1", "WpfApplication1\WpfApplication1.csproj", "{e05c19a1-c460-4bcd-95a7-19639561fd10}"
EndProject
Global
	GlobalSection(SolutionConfigurationPlatforms) = preSolution
		Debug|Any CPU = Debug|Any CPU
		Release|Any CPU = Release|Any CPU
	EndGlobalSection
	GlobalSection(ProjectConfigurationPlatforms) = postSolution
		{E05C19A1-C460-4BCD-95A7-19639561FD10}.Debug|Any CPU.ActiveCfg = Debug|Any CPU
		{E05C19A1-C460-4BCD-95A7-19639561FD10}.Debug|Any CPU.Build.0 = Debug|Any CPU
		{E05C19A1-C460-4BCD-95A7-19639561FD10}.Release|Any CPU.ActiveCfg = Release|Any CPU
		{E05C19A1-C460-4BCD-95A7-19639561FD10}.Release|Any CPU.Build.0 = Release|Any CPU
	EndGlobalSection
EndGlobal
